{
  "name": "flipkart-data",
  "lockfileVersion": 2,
  "requires": true,
  "packages": {
    "": {
      "dependencies": {
        "imgbb-uploader": "^1.5.0"
      }
    },
    "node_modules/imgbb-uploader": {
      "version": "1.5.0",
      "resolved": "https://registry.npmjs.org/imgbb-uploader/-/imgbb-uploader-1.5.0.tgz",
      "integrity": "sha512-60cEP5Mw48ZM0evf/mo1j/sHPzgaM83z9cdjDRf6DNrpbWk/dw+2UIe2MRtC1HqQ6i9GyJfGOzNbspriWVGTeA==",
      "engines": {
        "node": ">=8.3.0"
      }
    }
  },
  "dependencies": {
    "imgbb-uploader": {
      "version": "1.5.0",
      "resolved": "https://registry.npmjs.org/imgbb-uploader/-/imgbb-uploader-1.5.0.tgz",
      "integrity": "sha512-60cEP5Mw48ZM0evf/mo1j/sHPzgaM83z9cdjDRf6DNrpbWk/dw+2UIe2MRtC1HqQ6i9GyJfGOzNbspriWVGTeA=="
    }
  }
}
